{
  "name": "ragamalika",
  "lockfileVersion": 3,
  "requires": true,
  "packages": {
    "": {
      "dependencies": {
        "lamejs": "^1.2.1",
        "soundfont-player": "^0.12.0"
      }
    },
    "node_modules/adsr": {
      "version": "1.0.1",
      "resolved": "https://registry.npmjs.org/adsr/-/adsr-1.0.1.tgz",
      "integrity": "sha512-thr9LK4jxApOzBA33IWOA83bXJFbyfbeozpHXyrMQOIhUni198uRxXqDhobW0S/51iokqty2Yz2WbLZbE6tntQ==",
      "license": "ISC"
    },
    "node_modules/audio-loader": {
      "version": "0.5.0",
      "resolved": "https://registry.npmjs.org/audio-loader/-/audio-loader-0.5.0.tgz",
      "integrity": "sha512-mEoYRjZhqkBSen/X9i2PNosqvafEsur8bI5MNoPr0wsJu9Nzlul3Yv1elYeMPsXxTxYhXLY8AZlScBvaK4mydg==",
      "deprecated": "Deprecated: use native fetch() + decodeAudioData() instead. See https://github.com/audiojs/audio-loader#migration",
      "license": "MIT"
    },
    "node_modules/lamejs": {
      "version": "1.2.1",
      "resolved": "https://registry.npmjs.org/lamejs/-/lamejs-1.2.1.tgz",
      "integrity": "sha512-s7bxvjvYthw6oPLCm5pFxvA84wUROODB8jEO2+CE1adhKgrIvVOlmMgY8zyugxGrvRaDHNJanOiS21/emty6dQ==",
      "license": "LGPL-3.0",
      "dependencies": {
        "use-strict": "1.0.1"
      }
    },
    "node_modules/midimessage": {
      "version": "1.0.5",
      "resolved": "https://registry.npmjs.org/midimessage/-/midimessage-1.0.5.tgz",
      "integrity": "sha512-MPJ2tDupFOfZB5/PLp8fri1IS4fd9hPj0Bio//FBhWRQ+TsJA7/49CF1aJyraDxa0Jq8zMHAwrwXl2GINvLvgw==",
      "license": "MIT"
    },
    "node_modules/note-parser": {
      "version": "2.0.1",
      "resolved": "https://registry.npmjs.org/note-parser/-/note-parser-2.0.1.tgz",
      "integrity": "sha512-w9o6Fv46y3NsFxeezTZSmftBtUM/ypme6iZWVrTJvvsD5RN+w0XNDePWtfreNrZFL3jSjBFhadPoXb+pJO4UdA==",
      "license": "MIT"
    },
    "node_modules/sample-player": {
      "version": "0.5.5",
      "resolved": "https://registry.npmjs.org/sample-player/-/sample-player-0.5.5.tgz",
      "integrity": "sha512-VQ9pXPJ1m/eTH8QK6OQ8Dn/HSVToNyY9w9vnv+y/yjkJeRm87tJ/gBEm66jItfSLhKe6VG1DfX8+oT+Mg7QUpg==",
      "license": "MIT",
      "dependencies": {
        "adsr": "^1.0.0",
        "midimessage": "^1.0.5",
        "note-parser": "^1.1.0"
      }
    },
    "node_modules/sample-player/node_modules/note-parser": {
      "version": "1.1.0",
      "resolved": "https://registry.npmjs.org/note-parser/-/note-parser-1.1.0.tgz",
      "integrity": "sha512-YTqWQBsRp40EFrEznnkGtmx68gcgOQ8CdoBspqGBA3G1/4mJwIYbDe/vuNpX3oGX2DhP7b1dBgTmj7p3Zr0P1Q==",
      "license": "MIT"
    },
    "node_modules/soundfont-player": {
      "version": "0.12.0",
      "resolved": "https://registry.npmjs.org/soundfont-player/-/soundfont-player-0.12.0.tgz",
      "integrity": "sha512-8BJIsAt7h1PK3thSZDgF6zecgGhYkK74JnZO8WRZi3h34qG6H/DYlnv7cpRvL7Q9C8N6qld4Qwj7nJsX1gYjEA==",
      "license": "MIT",
      "dependencies": {
        "audio-loader": "^0.5.0",
        "note-parser": "^2.0.0",
        "sample-player": "^0.5.5"
      }
    },
    "node_modules/use-strict": {
      "version": "1.0.1",
      "resolved": "https://registry.npmjs.org/use-strict/-/use-strict-1.0.1.tgz",
      "integrity": "sha512-IeiWvvEXfW5ltKVMkxq6FvNf2LojMKvB2OCeja6+ct24S1XOmQw2dGr2JyndwACWAGJva9B7yPHwAmeA9QCqAQ==",
      "license": "ISC"
    }
  }
}
